
Microsoft Visual Studio Solution File, Format Version 12.00
# Visual Studio Version 16
VisualStudioVersion = 16.0.31729.503
MinimumVisualStudioVersion = 10.0.40219.1
Project("{FAE04EC0-301F-11D3-BF4B-00C04F79EFBC}") = "POETask2", "POETask2.csproj", "{D880D616-E945-4D19-AE98-BE31D1A515FE}"
EndProject
Global
	GlobalSection(SolutionConfigurationPlatforms) = preSolution
		Debug|Any CPU = Debug|Any CPU
		Release|Any CPU = Release|Any CPU
	EndGlobalSection
	GlobalSection(ProjectConfigurationPlatforms) = postSolution
		{D880D616-E945-4D19-AE98-BE31D1A515FE}.Debug|Any CPU.ActiveCfg = Debug|Any CPU
		{D880D616-E945-4D19-AE98-BE31D1A515FE}.Debug|Any CPU.Build.0 = Debug|Any CPU
		{D880D616-E945-4D19-AE98-BE31D1A515FE}.Release|Any CPU.ActiveCfg = Release|Any CPU
		{D880D616-E945-4D19-AE98-BE31D1A515FE}.Release|Any CPU.Build.0 = Release|Any CPU
	EndGlobalSection
	GlobalSection(SolutionProperties) = preSolution
		HideSolutionNode = FALSE
	EndGlobalSection
	GlobalSection(ExtensibilityGlobals) = postSolution
		SolutionGuid = {C3813581-67D4-4452-8013-797D7CD9D164}
	EndGlobalSection
EndGlobal
